# C:\Users\vince\Documents\GitHub\vitte\muffin.lock
# ---------------------------------------------------------------------------
# Muffin lockfile (generated)
# Format: TOML-like, deterministic ordering, no comments when regenerated.
#
# This file pins:
#   - workspace root manifest hash
#   - resolved dependency graph (modules/packages)
#   - toolchain + target triples
#   - content hashes for reproducible builds
#
# NOTE: This is a bootstrap-friendly placeholder lockfile.
# Your real lockfile generator should rewrite this file end-to-end.
# ---------------------------------------------------------------------------

lockfile_version = 1
generated_utc = "2025-12-15T21:00:00Z"

[workspace]
name = "vitte"
manifest = "muffin.muf"
manifest_sha256 = "0000000000000000000000000000000000000000000000000000000000000000"

# Default targets resolved for the workspace (can be extended by profiles)
targets = [
  "x86_64-unknown-linux-gnu",
  "aarch64-apple-darwin",
  "x86_64-pc-windows-msvc"
]

[toolchain]
# Host toolchain used to build the bootstrap stage / tools
cc = "clang"
cflags = "-std=c99"
ar = "ar"
ranlib = "ranlib"

# Optional Rust workspace integration (if enabled in your build)
rustc = "rustc"
cargo = "cargo"

[profiles.release]
opt_level = 3
lto = true
debug = false
strip = true

[profiles.debug]
opt_level = 0
lto = false
debug = true
strip = false

# ---------------------------------------------------------------------------
# Resolved packages / modules
# ---------------------------------------------------------------------------

[[package]]
name = "vitte-compiler"
source = { kind = "path", path = "compiler" }
version = "0.1.0"
checksum = "sha256:0000000000000000000000000000000000000000000000000000000000000000"
dependencies = [
  "vitte-std"
]

[[package]]
name = "vitte-runtime"
source = { kind = "path", path = "runtime" }
version = "0.1.0"
checksum = "sha256:0000000000000000000000000000000000000000000000000000000000000000"
dependencies = []

[[package]]
name = "vitte-std"
source = { kind = "path", path = "std" }
version = "0.1.0"
checksum = "sha256:0000000000000000000000000000000000000000000000000000000000000000"
dependencies = []

# ---------------------------------------------------------------------------
# Graph snapshot (for fast checks / debugging)
# ---------------------------------------------------------------------------

[graph]
root = "vitte-compiler"
edges = [
  { from = "vitte-compiler", to = "vitte-std" }
]

# ---------------------------------------------------------------------------
# Files pinned (optional, for reproducible builds)
# ---------------------------------------------------------------------------

[files]
# Each entry is a content hash of a tracked build-critical file.
# Your generator should fill these out (and prune unknowns).
entries = [
  { path = "muffin.muf", sha256 = "0000000000000000000000000000000000000000000000000000000000000000" },
  { path = "CMakeLists.txt", sha256 = "0000000000000000000000000000000000000000000000000000000000000000" },
  { path = "Makefile", sha256 = "0000000000000000000000000000000000000000000000000000000000000000" }
]
