{
  "content_sha256": "73f97ea6c3c700f37b38b2fe073db80db88c5bace4a0c21242fb5e98691cb210",
  "entries": [
    {
      "checksum": {
        "algorithm": "sha256",
        "value": "fef8ff96827aacb3c7b94ebe306d99a0d879f64e1af150d7218dc7ed9c30a8fd"
      },
      "dependencies": [
        {
          "name": "workspace-lib",
          "requirement": "0.1.0",
          "source": "workspace",
          "version": "0.1.0"
        }
      ],
      "entry": "src/main.vit",
      "kind": "binary",
      "name": "workspace-app",
      "path": "packages/app",
      "source": "workspace",
      "source_files": [
        {
          "path": "src/main.vit",
          "sha256": "5d162a4cc0a8d88de6af99cef626989e9081014da01e5da7825d3bcd4d86fd26"
        },
        {
          "path": "tests/basic.vit",
          "sha256": "dfa6045bff92f7dbb17e9dff067dae8b3843116e9de59804b945774a3258261b"
        },
        {
          "path": "vitte-package.json",
          "sha256": "c5979b7d67967062070d9035d9c2a61e7d90a4c131909c4aee93b438269b2c0e"
        }
      ],
      "version": "0.1.0"
    },
    {
      "checksum": {
        "algorithm": "sha256",
        "value": "ff9f0a57ce7d66a102ce3eecf80494e0fa3cc56d41d5bcfadb5cba0b68ee6b44"
      },
      "dependencies": [],
      "entry": "src/lib.vit",
      "kind": "library",
      "name": "workspace-lib",
      "path": "packages/lib",
      "source": "workspace",
      "source_files": [
        {
          "path": "src/lib.vit",
          "sha256": "e3436d7dc854f9dffbaa3a9c6b82714bf5f980148c837728212554fdc3a7b33f"
        },
        {
          "path": "tests/basic.vit",
          "sha256": "dfa6045bff92f7dbb17e9dff067dae8b3843116e9de59804b945774a3258261b"
        },
        {
          "path": "vitte-package.json",
          "sha256": "6ef31a01df2ef404237ad88a85695ef6e3352b4efe8aa73338bea0d112e695f0"
        }
      ],
      "version": "0.1.0"
    }
  ],
  "package_count": 2,
  "registry": {
    "mode": "offline",
    "path": "src/vitte/packages/registry/registry.json",
    "sha256": "f36a6af55ac382d3ddbe8b95472a8a712cdfeda146b9ac00044e5496f23bfa67"
  },
  "schema": "vitte.workspace.lock.v1",
  "version": "0.1.0",
  "workspace": {
    "members": [
      "packages/app",
      "packages/lib"
    ],
    "path": "vitte-workspace.json",
    "sha256": "30cbaa884db7f2a7f413ef128ed1fdbfb83613c95f51158517082076914b562a"
  }
}
