{
  "content_sha256": "f3055e33adcde3c73d0d42538a0dc12664de0ce57b56dccef7625947581294bc",
  "entries": [
    {
      "abi": "vitte-perl-package-abi-1",
      "checksum": "3b2198c0e9669669c1d715e492c734c438658d33e779b1c73801a268a7fd3d87",
      "dependencies": [
        {
          "name": "Exporter",
          "requirement": "0",
          "resolution": "system-or-bundled",
          "scope": "runtime"
        },
        {
          "name": "Fcntl",
          "requirement": "0",
          "resolution": "system-or-bundled",
          "scope": "runtime"
        },
        {
          "name": "File::Path",
          "requirement": "0",
          "resolution": "system-or-bundled",
          "scope": "runtime"
        },
        {
          "name": "IO::Handle",
          "requirement": "0",
          "resolution": "system-or-bundled",
          "scope": "runtime"
        },
        {
          "name": "POSIX",
          "requirement": "0",
          "resolution": "system-or-bundled",
          "scope": "runtime"
        },
        {
          "name": "bytes",
          "requirement": "0",
          "resolution": "system-or-bundled",
          "scope": "runtime"
        },
        {
          "name": "perl",
          "requirement": "5.010",
          "resolution": "system-or-bundled",
          "scope": "runtime"
        },
        {
          "name": "File::Temp",
          "requirement": "0",
          "resolution": "system-or-bundled",
          "scope": "test"
        },
        {
          "name": "FindBin",
          "requirement": "0",
          "resolution": "system-or-bundled",
          "scope": "test"
        },
        {
          "name": "JSON::PP",
          "requirement": "0",
          "resolution": "system-or-bundled",
          "scope": "test"
        },
        {
          "name": "Test::More",
          "requirement": "0",
          "resolution": "system-or-bundled",
          "scope": "test"
        }
      ],
      "name": "athens",
      "source": "src/vitte/packages/perl/athens",
      "version": "0.1.0"
    },
    {
      "abi": "vitte-perl-package-abi-1",
      "checksum": "c9dd28a4d3bb91f110a080ce0ae8999858ebee3c7a45a92629d3302f5453ca54",
      "dependencies": [
        {
          "name": "Exporter",
          "requirement": "0",
          "resolution": "system-or-bundled",
          "scope": "runtime"
        },
        {
          "name": "bytes",
          "requirement": "0",
          "resolution": "system-or-bundled",
          "scope": "runtime"
        },
        {
          "name": "perl",
          "requirement": "5.010",
          "resolution": "system-or-bundled",
          "scope": "runtime"
        },
        {
          "name": "FindBin",
          "requirement": "0",
          "resolution": "system-or-bundled",
          "scope": "test"
        },
        {
          "name": "JSON::PP",
          "requirement": "0",
          "resolution": "system-or-bundled",
          "scope": "test"
        },
        {
          "name": "Test::More",
          "requirement": "0",
          "resolution": "system-or-bundled",
          "scope": "test"
        }
      ],
      "name": "berlin",
      "source": "src/vitte/packages/perl/berlin",
      "version": "0.1.0"
    },
    {
      "abi": "vitte-perl-package-abi-1",
      "checksum": "5bc90b7aec739f9a7cc5429974632fca32d5b242f6e710cb2d61d291d546ed2f",
      "dependencies": [
        {
          "name": "Digest::SHA",
          "requirement": "0",
          "resolution": "system-or-bundled",
          "scope": "runtime"
        },
        {
          "name": "Exporter",
          "requirement": "0",
          "resolution": "system-or-bundled",
          "scope": "runtime"
        },
        {
          "name": "JSON::PP",
          "requirement": "0",
          "resolution": "system-or-bundled",
          "scope": "runtime"
        },
        {
          "name": "perl",
          "requirement": "5.010",
          "resolution": "system-or-bundled",
          "scope": "runtime"
        },
        {
          "name": "FindBin",
          "requirement": "0",
          "resolution": "system-or-bundled",
          "scope": "test"
        },
        {
          "name": "Test::More",
          "requirement": "0",
          "resolution": "system-or-bundled",
          "scope": "test"
        }
      ],
      "name": "cairo",
      "source": "src/vitte/packages/perl/cairo",
      "version": "0.1.0"
    },
    {
      "abi": "vitte-perl-package-abi-1",
      "checksum": "e86cbdb40b26ed9291916922081bee96c433e30c84fd609e3a13d337b333c89d",
      "dependencies": [
        {
          "name": "Exporter",
          "requirement": "0",
          "resolution": "system-or-bundled",
          "scope": "runtime"
        },
        {
          "name": "JSON::PP",
          "requirement": "0",
          "resolution": "system-or-bundled",
          "scope": "runtime"
        },
        {
          "name": "perl",
          "requirement": "5.010",
          "resolution": "system-or-bundled",
          "scope": "runtime"
        },
        {
          "name": "FindBin",
          "requirement": "0",
          "resolution": "system-or-bundled",
          "scope": "test"
        },
        {
          "name": "JSON::PP",
          "requirement": "0",
          "resolution": "system-or-bundled",
          "scope": "test"
        },
        {
          "name": "Test::More",
          "requirement": "0",
          "resolution": "system-or-bundled",
          "scope": "test"
        }
      ],
      "name": "dakar",
      "source": "src/vitte/packages/perl/dakar",
      "version": "0.1.0"
    },
    {
      "abi": "vitte-perl-package-abi-1",
      "checksum": "07257c20a6c621938d406dfac4247309b1390ce9a8633f518007aa5de0f25463",
      "dependencies": [
        {
          "name": "Exporter",
          "requirement": "0",
          "resolution": "system-or-bundled",
          "scope": "runtime"
        },
        {
          "name": "perl",
          "requirement": "5.010",
          "resolution": "system-or-bundled",
          "scope": "runtime"
        },
        {
          "name": "FindBin",
          "requirement": "0",
          "resolution": "system-or-bundled",
          "scope": "test"
        },
        {
          "name": "JSON::PP",
          "requirement": "0",
          "resolution": "system-or-bundled",
          "scope": "test"
        },
        {
          "name": "Test::More",
          "requirement": "0",
          "resolution": "system-or-bundled",
          "scope": "test"
        }
      ],
      "name": "lyon",
      "source": "src/vitte/packages/perl/lyon",
      "version": "0.1.0"
    },
    {
      "abi": "vitte-perl-package-abi-1",
      "checksum": "a37217f6b895bd779f1b1fac03f26503b3af43fdd11bcb152ab19ca0daba3794",
      "dependencies": [
        {
          "name": "Exporter",
          "requirement": "0",
          "resolution": "system-or-bundled",
          "scope": "runtime"
        },
        {
          "name": "perl",
          "requirement": "5.010",
          "resolution": "system-or-bundled",
          "scope": "runtime"
        },
        {
          "name": "FindBin",
          "requirement": "0",
          "resolution": "system-or-bundled",
          "scope": "test"
        },
        {
          "name": "JSON::PP",
          "requirement": "0",
          "resolution": "system-or-bundled",
          "scope": "test"
        },
        {
          "name": "Test::More",
          "requirement": "0",
          "resolution": "system-or-bundled",
          "scope": "test"
        }
      ],
      "name": "paris",
      "source": "src/vitte/packages/perl/paris",
      "version": "0.1.0"
    }
  ],
  "entry_count": 6,
  "network_access": "forbidden",
  "registry": "src/vitte/packages/registry/registry.json",
  "schema": "vitte.package.lock.v1",
  "version": "0.1.0"
}
